
Microsoft Visual Studio Solution File, Format Version 12.00
# Visual Studio Version 17
VisualStudioVersion = 17.11.35222.181
MinimumVisualStudioVersion = 10.0.40219.1
Project("{FAE04EC0-301F-11D3-BF4B-00C04F79EFBC}") = "NactiData", "NactiData\NactiData.csproj", "{9824CDDB-8162-488C-8B77-E8556BFF2E7B}"
EndProject
Project("{FAE04EC0-301F-11D3-BF4B-00C04F79EFBC}") = "NactiData.Tests", "NactiData.Tests\NactiData.Tests.csproj", "{E4C0AED1-F248-4438-BC66-D913BF097EB6}"
EndProject
Global
	GlobalSection(SolutionConfigurationPlatforms) = preSolution
		Debug|Any CPU = Debug|Any CPU
		Release|Any CPU = Release|Any CPU
	EndGlobalSection
	GlobalSection(ProjectConfigurationPlatforms) = postSolution
		{9824CDDB-8162-488C-8B77-E8556BFF2E7B}.Debug|Any CPU.ActiveCfg = Debug|Any CPU
		{9824CDDB-8162-488C-8B77-E8556BFF2E7B}.Debug|Any CPU.Build.0 = Debug|Any CPU
		{9824CDDB-8162-488C-8B77-E8556BFF2E7B}.Release|Any CPU.ActiveCfg = Release|Any CPU
		{9824CDDB-8162-488C-8B77-E8556BFF2E7B}.Release|Any CPU.Build.0 = Release|Any CPU
		{E4C0AED1-F248-4438-BC66-D913BF097EB6}.Debug|Any CPU.ActiveCfg = Debug|Any CPU
		{E4C0AED1-F248-4438-BC66-D913BF097EB6}.Debug|Any CPU.Build.0 = Debug|Any CPU
		{E4C0AED1-F248-4438-BC66-D913BF097EB6}.Release|Any CPU.ActiveCfg = Release|Any CPU
		{E4C0AED1-F248-4438-BC66-D913BF097EB6}.Release|Any CPU.Build.0 = Release|Any CPU
	EndGlobalSection
	GlobalSection(SolutionProperties) = preSolution
		HideSolutionNode = FALSE
	EndGlobalSection
	GlobalSection(ExtensibilityGlobals) = postSolution
		SolutionGuid = {66041CFE-BBE4-4620-BAAB-02BDDD307EE0}
	EndGlobalSection
EndGlobal
